
Microsoft Visual Studio Solution File, Format Version 12.00
# Visual Studio Version 17
VisualStudioVersion = 17.14.36203.30 d17.14
MinimumVisualStudioVersion = 10.0.40219.1
Project("{FAE04EC0-301F-11D3-BF4B-00C04F79EFBC}") = "SoloModalAdmin", "SoloModalAdmin\SoloModalAdmin.csproj", "{0ED7FBC3-9200-461E-ACCE-03C06018C0BF}"
EndProject
Global
	GlobalSection(SolutionConfigurationPlatforms) = preSolution
		Debug|Any CPU = Debug|Any CPU
		Release|Any CPU = Release|Any CPU
	EndGlobalSection
	GlobalSection(ProjectConfigurationPlatforms) = postSolution
		{0ED7FBC3-9200-461E-ACCE-03C06018C0BF}.Debug|Any CPU.ActiveCfg = Debug|Any CPU
		{0ED7FBC3-9200-461E-ACCE-03C06018C0BF}.Debug|Any CPU.Build.0 = Debug|Any CPU
		{0ED7FBC3-9200-461E-ACCE-03C06018C0BF}.Release|Any CPU.ActiveCfg = Release|Any CPU
		{0ED7FBC3-9200-461E-ACCE-03C06018C0BF}.Release|Any CPU.Build.0 = Release|Any CPU
	EndGlobalSection
	GlobalSection(SolutionProperties) = preSolution
		HideSolutionNode = FALSE
	EndGlobalSection
	GlobalSection(ExtensibilityGlobals) = postSolution
		SolutionGuid = {B183AA1E-3495-4FAC-9D42-B778CD6EE705}
	EndGlobalSection
EndGlobal
